
Microsoft Visual Studio Solution File, Format Version 12.00
# Visual Studio 15
VisualStudioVersion = 15.0.28307.572
MinimumVisualStudioVersion = 10.0.40219.1
Project("{888888A0-9F3D-457C-B088-3A5042F75D52}") = "codegen_efields", "codegen\codegen_efields.pyproj", "{4F9F3636-F22D-4C6D-B37D-1DC6D6B59B79}"
EndProject
Project("{888888A0-9F3D-457C-B088-3A5042F75D52}") = "codegen_dbfirst", "codegen_dbfirst\codegen_dbfirst.pyproj", "{3C55188F-E6A3-43E0-9050-51E45EB92574}"
EndProject
Global
	GlobalSection(SolutionConfigurationPlatforms) = preSolution
		Debug|Any CPU = Debug|Any CPU
		Release|Any CPU = Release|Any CPU
	EndGlobalSection
	GlobalSection(ProjectConfigurationPlatforms) = postSolution
		{4F9F3636-F22D-4C6D-B37D-1DC6D6B59B79}.Debug|Any CPU.ActiveCfg = Debug|Any CPU
		{4F9F3636-F22D-4C6D-B37D-1DC6D6B59B79}.Release|Any CPU.ActiveCfg = Release|Any CPU
		{3C55188F-E6A3-43E0-9050-51E45EB92574}.Debug|Any CPU.ActiveCfg = Debug|Any CPU
		{3C55188F-E6A3-43E0-9050-51E45EB92574}.Release|Any CPU.ActiveCfg = Release|Any CPU
	EndGlobalSection
	GlobalSection(SolutionProperties) = preSolution
		HideSolutionNode = FALSE
	EndGlobalSection
	GlobalSection(ExtensibilityGlobals) = postSolution
		SolutionGuid = {340D82DC-949C-4E84-B8C0-54D83F8FC313}
	EndGlobalSection
EndGlobal
